
Microsoft Visual Studio Solution File, Format Version 12.00
# Visual Studio Version 16
VisualStudioVersion = 25.0.1704.0
MinimumVisualStudioVersion = 10.0.40219.1
Project("{FAE04EC0-301F-11D3-BF4B-00C04F79EFBC}") = "Calendar", "Calendar.csproj", "{38C13C73-C9ED-409F-9299-17F02DA8D1DF}"
EndProject
Global
	GlobalSection(SolutionConfigurationPlatforms) = preSolution
		Debug|Any CPU = Debug|Any CPU
		Release|Any CPU = Release|Any CPU
	EndGlobalSection
	GlobalSection(ProjectConfigurationPlatforms) = postSolution
		{38C13C73-C9ED-409F-9299-17F02DA8D1DF}.Debug|Any CPU.ActiveCfg = Debug|Any CPU
		{38C13C73-C9ED-409F-9299-17F02DA8D1DF}.Debug|Any CPU.Build.0 = Debug|Any CPU
		{38C13C73-C9ED-409F-9299-17F02DA8D1DF}.Release|Any CPU.ActiveCfg = Release|Any CPU
		{38C13C73-C9ED-409F-9299-17F02DA8D1DF}.Release|Any CPU.Build.0 = Release|Any CPU
	EndGlobalSection
	GlobalSection(SolutionProperties) = preSolution
		HideSolutionNode = FALSE
	EndGlobalSection
	GlobalSection(ExtensibilityGlobals) = postSolution
		SolutionGuid = {F5830A0D-9897-4BB8-8496-13CA67C9BF1C}
	EndGlobalSection
EndGlobal
